Microsoft Visual Studio Solution File, Format Version 12.00
# Visual Studio Version 17
VisualStudioVersion = 17.5.2.0
MinimumVisualStudioVersion = 10.0.40219.1
Project("{2150E333-8FDC-42A3-9474-1A3956D46DE8}") = "HouseTargaryen", "HouseTargaryen", "{5E892BFE-7C7F-ED39-75DD-057FBD48D2AF}"
EndProject
Project("{2150E333-8FDC-42A3-9474-1A3956D46DE8}") = "src", "src", "{827E0CD3-B72D-47B6-A68D-7590B98EB39B}"
EndProject
Project("{2150E333-8FDC-42A3-9474-1A3956D46DE8}") = "TargaryenSolution", "TargaryenSolution", "{7894592E-D28E-7778-5A1A-A648A9F7C951}"
EndProject
Project("{FAE04EC0-301F-11D3-BF4B-00C04F79EFBC}") = "Framework.Common.Api", "HouseTargaryen\TargaryenSolution\Framework.Common.Api\Framework.Common.Api.csproj", "{57466214-DA49-4F54-8D02-FA6DCA5D9A1B}"
EndProject
Project("{FAE04EC0-301F-11D3-BF4B-00C04F79EFBC}") = "Framework.Common.UI", "HouseTargaryen\TargaryenSolution\Framework.Common.UI\Framework.Common.UI.csproj", "{406A510E-D8E2-4BFE-AEFE-E7CF59115C2A}"
EndProject
Project("{FAE04EC0-301F-11D3-BF4B-00C04F79EFBC}") = "Framework.Core", "HouseTargaryen\TargaryenSolution\Framework.Core\Framework.Core.csproj", "{91A989AE-62DB-4883-B528-3F0DCEE80F4B}"
EndProject
Project("{FAE04EC0-301F-11D3-BF4B-00C04F79EFBC}") = "TestSettingsUtility", "HouseTargaryen\TargaryenSolution\TestSettingsUtility\TestSettingsUtility.csproj", "{CBFA7E9C-3B78-46F7-ADB6-E60AF8DDCE6E}"
EndProject
Project("{2150E333-8FDC-42A3-9474-1A3956D46DE8}") = "Shim", "Shim", "{5E7291B6-D851-FE6E-6D73-321018EFA44B}"
EndProject
Project("{FAE04EC0-301F-11D3-BF4B-00C04F79EFBC}") = "Selenium.Playwright.Shim", "src\Shim\Selenium.Playwright.Shim\Selenium.Playwright.Shim.csproj", "{85822656-5DED-2D47-47C9-FCA52D73D04A}"
EndProject
Project("{2150E333-8FDC-42A3-9474-1A3956D46DE8}") = "Framework.Common.Api (1)", "Framework.Common.Api (1)", "{02FDA950-2514-89AA-CD83-F45CC41658CD}"
EndProject
Project("{FAE04EC0-301F-11D3-BF4B-00C04F79EFBC}") = "Framework.Common.Api", "HouseTargaryen\TargaryenSolution\Framework.Common.Api\Framework.Common.Api\Framework.Common.Api.csproj", "{89FEB87A-A91E-C47D-0B4E-D273D42446A9}"
EndProject
Project("{2150E333-8FDC-42A3-9474-1A3956D46DE8}") = "Framework.Core (1)", "Framework.Core (1)", "{466748B5-B534-4F62-EFBD-B413027714F2}"
EndProject
Project("{FAE04EC0-301F-11D3-BF4B-00C04F79EFBC}") = "Framework.Core", "HouseTargaryen\TargaryenSolution\Framework.Core\Framework.Core\Framework.Core.csproj", "{32CD095B-BFA9-0A36-B986-AF59887D42F3}"
EndProject
Project("{2150E333-8FDC-42A3-9474-1A3956D46DE8}") = "TestSettingsUtility (1)", "TestSettingsUtility (1)", "{B4E08A88-7B80-6D41-35E3-5926D93B9243}"
EndProject
Project("{FAE04EC0-301F-11D3-BF4B-00C04F79EFBC}") = "TestSettingsUtility", "HouseTargaryen\TargaryenSolution\TestSettingsUtility\TestSettingsUtility\TestSettingsUtility.csproj", "{96F6F941-4FF8-1CF9-52BD-D80D41BCC730}"
EndProject
Project("{2150E333-8FDC-42A3-9474-1A3956D46DE8}") = "ProductTeams", "ProductTeams", "{A67CDF51-E8F9-C97A-CE81-E7A674EA15F3}"
EndProject
Project("{2150E333-8FDC-42A3-9474-1A3956D46DE8}") = "WlnGrowth", "WlnGrowth", "{26D43868-35F0-7DD0-3CC2-E8DC0C9BB5B1}"
EndProject
Project("{2150E333-8FDC-42A3-9474-1A3956D46DE8}") = "RegressionTests", "RegressionTests", "{F04BFD12-2F41-B72B-F8CD-9F073B815872}"
EndProject
Project("{FAE04EC0-301F-11D3-BF4B-00C04F79EFBC}") = "WestlawAdvantage", "HouseTargaryen\ProductTeams\WlnGrowth\RegressionTests\WestlawAdvantage\WestlawAdvantage.csproj", "{5B2B68D7-5498-484C-81AE-5113ED88F4E9}"
EndProject
Project("{FAE04EC0-301F-11D3-BF4B-00C04F79EFBC}") = "WestlawPrecision", "HouseTargaryen\ProductTeams\WlnGrowth\RegressionTests\WestlawPrecision\WestlawPrecision.csproj", "{BBC6AFDA-8A0D-4726-B719-3A160F6E3307}"
EndProject
Global
	GlobalSection(SolutionConfigurationPlatforms) = preSolution
		Debug|Any CPU = Debug|Any CPU
		Release|Any CPU = Release|Any CPU
	EndGlobalSection
	GlobalSection(ProjectConfigurationPlatforms) = postSolution
		{57466214-DA49-4F54-8D02-FA6DCA5D9A1B}.Debug|Any CPU.ActiveCfg = Debug|Any CPU
		{57466214-DA49-4F54-8D02-FA6DCA5D9A1B}.Debug|Any CPU.Build.0 = Debug|Any CPU
		{57466214-DA49-4F54-8D02-FA6DCA5D9A1B}.Release|Any CPU.ActiveCfg = Release|Any CPU
		{57466214-DA49-4F54-8D02-FA6DCA5D9A1B}.Release|Any CPU.Build.0 = Release|Any CPU
		{406A510E-D8E2-4BFE-AEFE-E7CF59115C2A}.Debug|Any CPU.ActiveCfg = Debug|Any CPU
		{406A510E-D8E2-4BFE-AEFE-E7CF59115C2A}.Debug|Any CPU.Build.0 = Debug|Any CPU
		{406A510E-D8E2-4BFE-AEFE-E7CF59115C2A}.Release|Any CPU.ActiveCfg = Release|Any CPU
		{406A510E-D8E2-4BFE-AEFE-E7CF59115C2A}.Release|Any CPU.Build.0 = Release|Any CPU
		{91A989AE-62DB-4883-B528-3F0DCEE80F4B}.Debug|Any CPU.ActiveCfg = Debug|Any CPU
		{91A989AE-62DB-4883-B528-3F0DCEE80F4B}.Debug|Any CPU.Build.0 = Debug|Any CPU
		{91A989AE-62DB-4883-B528-3F0DCEE80F4B}.Release|Any CPU.ActiveCfg = Release|Any CPU
		{91A989AE-62DB-4883-B528-3F0DCEE80F4B}.Release|Any CPU.Build.0 = Release|Any CPU
		{CBFA7E9C-3B78-46F7-ADB6-E60AF8DDCE6E}.Debug|Any CPU.ActiveCfg = Debug|Any CPU
		{CBFA7E9C-3B78-46F7-ADB6-E60AF8DDCE6E}.Debug|Any CPU.Build.0 = Debug|Any CPU
		{CBFA7E9C-3B78-46F7-ADB6-E60AF8DDCE6E}.Release|Any CPU.ActiveCfg = Release|Any CPU
		{CBFA7E9C-3B78-46F7-ADB6-E60AF8DDCE6E}.Release|Any CPU.Build.0 = Release|Any CPU
		{85822656-5DED-2D47-47C9-FCA52D73D04A}.Debug|Any CPU.ActiveCfg = Debug|Any CPU
		{85822656-5DED-2D47-47C9-FCA52D73D04A}.Debug|Any CPU.Build.0 = Debug|Any CPU
		{85822656-5DED-2D47-47C9-FCA52D73D04A}.Release|Any CPU.ActiveCfg = Release|Any CPU
		{85822656-5DED-2D47-47C9-FCA52D73D04A}.Release|Any CPU.Build.0 = Release|Any CPU
		{89FEB87A-A91E-C47D-0B4E-D273D42446A9}.Debug|Any CPU.ActiveCfg = Debug|Any CPU
		{89FEB87A-A91E-C47D-0B4E-D273D42446A9}.Debug|Any CPU.Build.0 = Debug|Any CPU
		{89FEB87A-A91E-C47D-0B4E-D273D42446A9}.Release|Any CPU.ActiveCfg = Release|Any CPU
		{89FEB87A-A91E-C47D-0B4E-D273D42446A9}.Release|Any CPU.Build.0 = Release|Any CPU
		{32CD095B-BFA9-0A36-B986-AF59887D42F3}.Debug|Any CPU.ActiveCfg = Debug|Any CPU
		{32CD095B-BFA9-0A36-B986-AF59887D42F3}.Debug|Any CPU.Build.0 = Debug|Any CPU
		{32CD095B-BFA9-0A36-B986-AF59887D42F3}.Release|Any CPU.ActiveCfg = Release|Any CPU
		{32CD095B-BFA9-0A36-B986-AF59887D42F3}.Release|Any CPU.Build.0 = Release|Any CPU
		{96F6F941-4FF8-1CF9-52BD-D80D41BCC730}.Debug|Any CPU.ActiveCfg = Debug|Any CPU
		{96F6F941-4FF8-1CF9-52BD-D80D41BCC730}.Debug|Any CPU.Build.0 = Debug|Any CPU
		{96F6F941-4FF8-1CF9-52BD-D80D41BCC730}.Release|Any CPU.ActiveCfg = Release|Any CPU
		{96F6F941-4FF8-1CF9-52BD-D80D41BCC730}.Release|Any CPU.Build.0 = Release|Any CPU
		{5B2B68D7-5498-484C-81AE-5113ED88F4E9}.Debug|Any CPU.ActiveCfg = Debug|Any CPU
		{5B2B68D7-5498-484C-81AE-5113ED88F4E9}.Debug|Any CPU.Build.0 = Debug|Any CPU
		{5B2B68D7-5498-484C-81AE-5113ED88F4E9}.Release|Any CPU.ActiveCfg = Release|Any CPU
		{5B2B68D7-5498-484C-81AE-5113ED88F4E9}.Release|Any CPU.Build.0 = Release|Any CPU
		{BBC6AFDA-8A0D-4726-B719-3A160F6E3307}.Debug|Any CPU.ActiveCfg = Debug|Any CPU
		{BBC6AFDA-8A0D-4726-B719-3A160F6E3307}.Debug|Any CPU.Build.0 = Debug|Any CPU
		{BBC6AFDA-8A0D-4726-B719-3A160F6E3307}.Release|Any CPU.ActiveCfg = Release|Any CPU
		{BBC6AFDA-8A0D-4726-B719-3A160F6E3307}.Release|Any CPU.Build.0 = Release|Any CPU
	EndGlobalSection
	GlobalSection(SolutionProperties) = preSolution
		HideSolutionNode = FALSE
	EndGlobalSection
	GlobalSection(NestedProjects) = preSolution
		{7894592E-D28E-7778-5A1A-A648A9F7C951} = {5E892BFE-7C7F-ED39-75DD-057FBD48D2AF}
		{57466214-DA49-4F54-8D02-FA6DCA5D9A1B} = {7894592E-D28E-7778-5A1A-A648A9F7C951}
		{406A510E-D8E2-4BFE-AEFE-E7CF59115C2A} = {7894592E-D28E-7778-5A1A-A648A9F7C951}
		{91A989AE-62DB-4883-B528-3F0DCEE80F4B} = {7894592E-D28E-7778-5A1A-A648A9F7C951}
		{CBFA7E9C-3B78-46F7-ADB6-E60AF8DDCE6E} = {7894592E-D28E-7778-5A1A-A648A9F7C951}
		{5E7291B6-D851-FE6E-6D73-321018EFA44B} = {827E0CD3-B72D-47B6-A68D-7590B98EB39B}
		{85822656-5DED-2D47-47C9-FCA52D73D04A} = {5E7291B6-D851-FE6E-6D73-321018EFA44B}
		{02FDA950-2514-89AA-CD83-F45CC41658CD} = {7894592E-D28E-7778-5A1A-A648A9F7C951}
		{89FEB87A-A91E-C47D-0B4E-D273D42446A9} = {02FDA950-2514-89AA-CD83-F45CC41658CD}
		{466748B5-B534-4F62-EFBD-B413027714F2} = {7894592E-D28E-7778-5A1A-A648A9F7C951}
		{32CD095B-BFA9-0A36-B986-AF59887D42F3} = {466748B5-B534-4F62-EFBD-B413027714F2}
		{B4E08A88-7B80-6D41-35E3-5926D93B9243} = {7894592E-D28E-7778-5A1A-A648A9F7C951}
		{96F6F941-4FF8-1CF9-52BD-D80D41BCC730} = {B4E08A88-7B80-6D41-35E3-5926D93B9243}
		{A67CDF51-E8F9-C97A-CE81-E7A674EA15F3} = {5E892BFE-7C7F-ED39-75DD-057FBD48D2AF}
		{26D43868-35F0-7DD0-3CC2-E8DC0C9BB5B1} = {A67CDF51-E8F9-C97A-CE81-E7A674EA15F3}
		{F04BFD12-2F41-B72B-F8CD-9F073B815872} = {26D43868-35F0-7DD0-3CC2-E8DC0C9BB5B1}
		{5B2B68D7-5498-484C-81AE-5113ED88F4E9} = {F04BFD12-2F41-B72B-F8CD-9F073B815872}
		{BBC6AFDA-8A0D-4726-B719-3A160F6E3307} = {F04BFD12-2F41-B72B-F8CD-9F073B815872}
	EndGlobalSection
	GlobalSection(ExtensibilityGlobals) = postSolution
		SolutionGuid = {4825BE58-CA8E-4BD2-AC78-996DDCF6CC3C}
	EndGlobalSection
EndGlobal
